// !$*UTF8*$!
{
	archiveVersion = 1;
	classes = {
	};
	objectVersion = 56;
	objects = {

/* Begin PBXBuildFile section */
		6546615B2CDE05610023D0D9 /* AppDelegate.swift in Sources */ = {isa = PBXBuildFile; fileRef = 6546615A2CDE05610023D0D9 /* AppDelegate.swift */; };
		6546615D2CDE05610023D0D9 /* SceneDelegate.swift in Sources */ = {isa = PBXBuildFile; fileRef = 6546615C2CDE05610023D0D9 /* SceneDelegate.swift */; };
		6546615F2CDE05610023D0D9 /* ViewController.swift in Sources */ = {isa = PBXBuildFile; fileRef = 6546615E2CDE05610023D0D9 /* ViewController.swift */; };
		654661622CDE05610023D0D9 /* Base in Resources */ = {isa = PBXBuildFile; fileRef = 654661612CDE05610023D0D9 /* Base */; };
		654661642CDE05620023D0D9 /* Assets.xcassets in Resources */ = {isa = PBXBuildFile; fileRef = 654661632CDE05620023D0D9 /* Assets.xcassets */; };
		654661672CDE05620023D0D9 /* Base in Resources */ = {isa = PBXBuildFile; fileRef = 654661662CDE05620023D0D9 /* Base */; };
		654661782CDE0D310023D0D9 /* HomeViewController.swift in Sources */ = {isa = PBXBuildFile; fileRef = 654661762CDE0D310023D0D9 /* HomeViewController.swift */; };
		654661792CDE0D310023D0D9 /* HomeViewController.xib in Resources */ = {isa = PBXBuildFile; fileRef = 654661772CDE0D310023D0D9 /* HomeViewController.xib */; };
		6546617E2CDE1E5C0023D0D9 /* RealmSwift in Frameworks */ = {isa = PBXBuildFile; productRef = 6546617D2CDE1E5C0023D0D9 /* RealmSwift */; };
		654661802CDE1F750023D0D9 /* RealmDB.swift in Sources */ = {isa = PBXBuildFile; fileRef = 6546617F2CDE1F750023D0D9 /* RealmDB.swift */; };
		654661832CDE21980023D0D9 /* RealmSwift in Embed Frameworks */ = {isa = PBXBuildFile; productRef = 6546617D2CDE1E5C0023D0D9 /* RealmSwift */; settings = {ATTRIBUTES = (CodeSignOnCopy, ); }; };
		654661892CDE2A7E0023D0D9 /* DataRequestManager.swift in Sources */ = {isa = PBXBuildFile; fileRef = 654661882CDE2A7E0023D0D9 /* DataRequestManager.swift */; };
		6546618C2CDE32730023D0D9 /* FileDownloadManager.swift in Sources */ = {isa = PBXBuildFile; fileRef = 6546618B2CDE32730023D0D9 /* FileDownloadManager.swift */; };
		6546618F2CDE59520023D0D9 /* ProgressTableViewCell.swift in Sources */ = {isa = PBXBuildFile; fileRef = 6546618D2CDE59520023D0D9 /* ProgressTableViewCell.swift */; };
		654661902CDE59520023D0D9 /* ProgressTableViewCell.xib in Resources */ = {isa = PBXBuildFile; fileRef = 6546618E2CDE59520023D0D9 /* ProgressTableViewCell.xib */; };
		6546619A2CDE99E20023D0D9 /* DownloadsViewController.swift in Sources */ = {isa = PBXBuildFile; fileRef = 654661982CDE99E20023D0D9 /* DownloadsViewController.swift */; };
		6546619B2CDE99E20023D0D9 /* DownloadsViewController.xib in Resources */ = {isa = PBXBuildFile; fileRef = 654661992CDE99E20023D0D9 /* DownloadsViewController.xib */; };
		6546619D2CDF44410023D0D9 /* DownloadsViewModel.swift in Sources */ = {isa = PBXBuildFile; fileRef = 6546619C2CDF44410023D0D9 /* DownloadsViewModel.swift */; };
/* End PBXBuildFile section */

/* Begin PBXCopyFilesBuildPhase section */
		654661822CDE21960023D0D9 /* Embed Frameworks */ = {
			isa = PBXCopyFilesBuildPhase;
			buildActionMask = 2147483647;
			dstPath = "";
			dstSubfolderSpec = 10;
			files = (
				654661832CDE21980023D0D9 /* RealmSwift in Embed Frameworks */,
			);
			name = "Embed Frameworks";
			runOnlyForDeploymentPostprocessing = 0;
		};
/* End PBXCopyFilesBuildPhase section */

/* Begin PBXFileReference section */
		654661572CDE05610023D0D9 /* SpyneAssignment.app */ = {isa = PBXFileReference; explicitFileType = wrapper.application; includeInIndex = 0; path = SpyneAssignment.app; sourceTree = BUILT_PRODUCTS_DIR; };
		6546615A2CDE05610023D0D9 /* AppDelegate.swift */ = {isa = PBXFileReference; lastKnownFileType = sourcecode.swift; path = AppDelegate.swift; sourceTree = "<group>"; };
		6546615C2CDE05610023D0D9 /* SceneDelegate.swift */ = {isa = PBXFileReference; lastKnownFileType = sourcecode.swift; path = SceneDelegate.swift; sourceTree = "<group>"; };
		6546615E2CDE05610023D0D9 /* ViewController.swift */ = {isa = PBXFileReference; lastKnownFileType = sourcecode.swift; path = ViewController.swift; sourceTree = "<group>"; };
		654661612CDE05610023D0D9 /* Base */ = {isa = PBXFileReference; lastKnownFileType = file.storyboard; name = Base; path = Base.lproj/Main.storyboard; sourceTree = "<group>"; };
		654661632CDE05620023D0D9 /* Assets.xcassets */ = {isa = PBXFileReference; lastKnownFileType = folder.assetcatalog; path = Assets.xcassets; sourceTree = "<group>"; };
		654661662CDE05620023D0D9 /* Base */ = {isa = PBXFileReference; lastKnownFileType = file.storyboard; name = Base; path = Base.lproj/LaunchScreen.storyboard; sourceTree = "<group>"; };
		654661682CDE05620023D0D9 /* Info.plist */ = {isa = PBXFileReference; lastKnownFileType = text.plist.xml; path = Info.plist; sourceTree = "<group>"; };
		654661762CDE0D310023D0D9 /* HomeViewController.swift */ = {isa = PBXFileReference; lastKnownFileType = sourcecode.swift; path = HomeViewController.swift; sourceTree = "<group>"; };
		654661772CDE0D310023D0D9 /* HomeViewController.xib */ = {isa = PBXFileReference; lastKnownFileType = file.xib; path = HomeViewController.xib; sourceTree = "<group>"; };
		6546617F2CDE1F750023D0D9 /* RealmDB.swift */ = {isa = PBXFileReference; lastKnownFileType = sourcecode.swift; path = RealmDB.swift; sourceTree = "<group>"; };
		654661882CDE2A7E0023D0D9 /* DataRequestManager.swift */ = {isa = PBXFileReference; lastKnownFileType = sourcecode.swift; path = DataRequestManager.swift; sourceTree = "<group>"; };
		6546618B2CDE32730023D0D9 /* FileDownloadManager.swift */ = {isa = PBXFileReference; lastKnownFileType = sourcecode.swift; path = FileDownloadManager.swift; sourceTree = "<group>"; };
		6546618D2CDE59520023D0D9 /* ProgressTableViewCell.swift */ = {isa = PBXFileReference; lastKnownFileType = sourcecode.swift; path = ProgressTableViewCell.swift; sourceTree = "<group>"; };
		6546618E2CDE59520023D0D9 /* ProgressTableViewCell.xib */ = {isa = PBXFileReference; lastKnownFileType = file.xib; path = ProgressTableViewCell.xib; sourceTree = "<group>"; };
		654661982CDE99E20023D0D9 /* DownloadsViewController.swift */ = {isa = PBXFileReference; lastKnownFileType = sourcecode.swift; path = DownloadsViewController.swift; sourceTree = "<group>"; };
		654661992CDE99E20023D0D9 /* DownloadsViewController.xib */ = {isa = PBXFileReference; lastKnownFileType = file.xib; path = DownloadsViewController.xib; sourceTree = "<group>"; };
		6546619C2CDF44410023D0D9 /* DownloadsViewModel.swift */ = {isa = PBXFileReference; lastKnownFileType = sourcecode.swift; path = DownloadsViewModel.swift; sourceTree = "<group>"; };
/* End PBXFileReference section */

/* Begin PBXFrameworksBuildPhase section */
		654661542CDE05610023D0D9 /* Frameworks */ = {
			isa = PBXFrameworksBuildPhase;
			buildActionMask = 2147483647;
			files = (
				6546617E2CDE1E5C0023D0D9 /* RealmSwift in Frameworks */,
			);
			runOnlyForDeploymentPostprocessing = 0;
		};
/* End PBXFrameworksBuildPhase section */

/* Begin PBXGroup section */
		6546614E2CDE05610023D0D9 = {
			isa = PBXGroup;
			children = (
				654661592CDE05610023D0D9 /* SpyneAssignment */,
				654661582CDE05610023D0D9 /* Products */,
			);
			sourceTree = "<group>";
		};
		654661582CDE05610023D0D9 /* Products */ = {
			isa = PBXGroup;
			children = (
				654661572CDE05610023D0D9 /* SpyneAssignment.app */,
			);
			name = Products;
			sourceTree = "<group>";
		};
		654661592CDE05610023D0D9 /* SpyneAssignment */ = {
			isa = PBXGroup;
			children = (
				654661852CDE2A500023D0D9 /* Helpers */,
				654661732CDE0CF70023D0D9 /* Tabs */,
				6546616E2CDE058F0023D0D9 /* Networking */,
				6546615A2CDE05610023D0D9 /* AppDelegate.swift */,
				6546615C2CDE05610023D0D9 /* SceneDelegate.swift */,
				6546615E2CDE05610023D0D9 /* ViewController.swift */,
				654661602CDE05610023D0D9 /* Main.storyboard */,
				654661632CDE05620023D0D9 /* Assets.xcassets */,
				654661652CDE05620023D0D9 /* LaunchScreen.storyboard */,
				654661682CDE05620023D0D9 /* Info.plist */,
			);
			path = SpyneAssignment;
			sourceTree = "<group>";
		};
		6546616E2CDE058F0023D0D9 /* Networking */ = {
			isa = PBXGroup;
			children = (
			);
			path = Networking;
			sourceTree = "<group>";
		};
		654661732CDE0CF70023D0D9 /* Tabs */ = {
			isa = PBXGroup;
			children = (
				654661752CDE0D110023D0D9 /* ProgressTab */,
				654661742CDE0D0B0023D0D9 /* HomeTab */,
			);
			path = Tabs;
			sourceTree = "<group>";
		};
		654661742CDE0D0B0023D0D9 /* HomeTab */ = {
			isa = PBXGroup;
			children = (
				654661772CDE0D310023D0D9 /* HomeViewController.xib */,
				654661762CDE0D310023D0D9 /* HomeViewController.swift */,
			);
			path = HomeTab;
			sourceTree = "<group>";
		};
		654661752CDE0D110023D0D9 /* ProgressTab */ = {
			isa = PBXGroup;
			children = (
				6546619F2CDF45E00023D0D9 /* HelperView */,
				6546619E2CDF45D30023D0D9 /* ViewModel */,
				654661982CDE99E20023D0D9 /* DownloadsViewController.swift */,
				654661992CDE99E20023D0D9 /* DownloadsViewController.xib */,
			);
			path = ProgressTab;
			sourceTree = "<group>";
		};
		654661852CDE2A500023D0D9 /* Helpers */ = {
			isa = PBXGroup;
			children = (
				6546618A2CDE32600023D0D9 /* FileManagers */,
				654661872CDE2A660023D0D9 /* NetworkManagers */,
				654661862CDE2A580023D0D9 /* RealmDatabase */,
			);
			path = Helpers;
			sourceTree = "<group>";
		};
		654661862CDE2A580023D0D9 /* RealmDatabase */ = {
			isa = PBXGroup;
			children = (
				6546617F2CDE1F750023D0D9 /* RealmDB.swift */,
			);
			path = RealmDatabase;
			sourceTree = "<group>";
		};
		654661872CDE2A660023D0D9 /* NetworkManagers */ = {
			isa = PBXGroup;
			children = (
				654661882CDE2A7E0023D0D9 /* DataRequestManager.swift */,
			);
			path = NetworkManagers;
			sourceTree = "<group>";
		};
		6546618A2CDE32600023D0D9 /* FileManagers */ = {
			isa = PBXGroup;
			children = (
				6546618B2CDE32730023D0D9 /* FileDownloadManager.swift */,
			);
			path = FileManagers;
			sourceTree = "<group>";
		};
		6546619E2CDF45D30023D0D9 /* ViewModel */ = {
			isa = PBXGroup;
			children = (
				6546619C2CDF44410023D0D9 /* DownloadsViewModel.swift */,
			);
			path = ViewModel;
			sourceTree = "<group>";
		};
		6546619F2CDF45E00023D0D9 /* HelperView */ = {
			isa = PBXGroup;
			children = (
				654661A02CDF45EE0023D0D9 /* TableCells */,
			);
			path = HelperView;
			sourceTree = "<group>";
		};
		654661A02CDF45EE0023D0D9 /* TableCells */ = {
			isa = PBXGroup;
			children = (
				6546618D2CDE59520023D0D9 /* ProgressTableViewCell.swift */,
				6546618E2CDE59520023D0D9 /* ProgressTableViewCell.xib */,
			);
			path = TableCells;
			sourceTree = "<group>";
		};
/* End PBXGroup section */

/* Begin PBXNativeTarget section */
		654661562CDE05610023D0D9 /* SpyneAssignment */ = {
			isa = PBXNativeTarget;
			buildConfigurationList = 6546616B2CDE05620023D0D9 /* Build configuration list for PBXNativeTarget "SpyneAssignment" */;
			buildPhases = (
				654661532CDE05610023D0D9 /* Sources */,
				654661542CDE05610023D0D9 /* Frameworks */,
				654661552CDE05610023D0D9 /* Resources */,
				654661822CDE21960023D0D9 /* Embed Frameworks */,
			);
			buildRules = (
			);
			dependencies = (
			);
			name = SpyneAssignment;
			packageProductDependencies = (
				6546617D2CDE1E5C0023D0D9 /* RealmSwift */,
			);
			productName = SpyneAssignment;
			productReference = 654661572CDE05610023D0D9 /* SpyneAssignment.app */;
			productType = "com.apple.product-type.application";
		};
/* End PBXNativeTarget section */

/* Begin PBXProject section */
		6546614F2CDE05610023D0D9 /* Project object */ = {
			isa = PBXProject;
			attributes = {
				BuildIndependentTargetsInParallel = 1;
				LastSwiftUpdateCheck = 1540;
				LastUpgradeCheck = 1540;
				TargetAttributes = {
					654661562CDE05610023D0D9 = {
						CreatedOnToolsVersion = 15.4;
					};
				};
			};
			buildConfigurationList = 654661522CDE05610023D0D9 /* Build configuration list for PBXProject "SpyneAssignment" */;
			compatibilityVersion = "Xcode 14.0";
			developmentRegion = en;
			hasScannedForEncodings = 0;
			knownRegions = (
				en,
				Base,
			);
			mainGroup = 6546614E2CDE05610023D0D9;
			packageReferences = (
				6546617A2CDE1E5C0023D0D9 /* XCRemoteSwiftPackageReference "realm-swift" */,
			);
			productRefGroup = 654661582CDE05610023D0D9 /* Products */;
			projectDirPath = "";
			projectRoot = "";
			targets = (
				654661562CDE05610023D0D9 /* SpyneAssignment */,
			);
		};
/* End PBXProject section */

/* Begin PBXResourcesBuildPhase section */
		654661552CDE05610023D0D9 /* Resources */ = {
			isa = PBXResourcesBuildPhase;
			buildActionMask = 2147483647;
			files = (
				654661902CDE59520023D0D9 /* ProgressTableViewCell.xib in Resources */,
				6546619B2CDE99E20023D0D9 /* DownloadsViewController.xib in Resources */,
				654661642CDE05620023D0D9 /* Assets.xcassets in Resources */,
				654661672CDE05620023D0D9 /* Base in Resources */,
				654661792CDE0D310023D0D9 /* HomeViewController.xib in Resources */,
				654661622CDE05610023D0D9 /* Base in Resources */,
			);
			runOnlyForDeploymentPostprocessing = 0;
		};
/* End PBXResourcesBuildPhase section */

/* Begin PBXSourcesBuildPhase section */
		654661532CDE05610023D0D9 /* Sources */ = {
			isa = PBXSourcesBuildPhase;
			buildActionMask = 2147483647;
			files = (
				6546619A2CDE99E20023D0D9 /* DownloadsViewController.swift in Sources */,
				654661782CDE0D310023D0D9 /* HomeViewController.swift in Sources */,
				654661802CDE1F750023D0D9 /* RealmDB.swift in Sources */,
				6546619D2CDF44410023D0D9 /* DownloadsViewModel.swift in Sources */,
				6546618F2CDE59520023D0D9 /* ProgressTableViewCell.swift in Sources */,
				6546615F2CDE05610023D0D9 /* ViewController.swift in Sources */,
				6546615B2CDE05610023D0D9 /* AppDelegate.swift in Sources */,
				6546615D2CDE05610023D0D9 /* SceneDelegate.swift in Sources */,
				654661892CDE2A7E0023D0D9 /* DataRequestManager.swift in Sources */,
				6546618C2CDE32730023D0D9 /* FileDownloadManager.swift in Sources */,
			);
			runOnlyForDeploymentPostprocessing = 0;
		};
/* End PBXSourcesBuildPhase section */

/* Begin PBXVariantGroup section */
		654661602CDE05610023D0D9 /* Main.storyboard */ = {
			isa = PBXVariantGroup;
			children = (
				654661612CDE05610023D0D9 /* Base */,
			);
			name = Main.storyboard;
			sourceTree = "<group>";
		};
		654661652CDE05620023D0D9 /* LaunchScreen.storyboard */ = {
			isa = PBXVariantGroup;
			children = (
				654661662CDE05620023D0D9 /* Base */,
			);
			name = LaunchScreen.storyboard;
			sourceTree = "<group>";
		};
/* End PBXVariantGroup section */

/* Begin XCBuildConfiguration section */
		654661692CDE05620023D0D9 /* Debug */ = {
			isa = XCBuildConfiguration;
			buildSettings = {
				ALWAYS_SEARCH_USER_PATHS = NO;
				ASSETCATALOG_COMPILER_GENERATE_SWIFT_ASSET_SYMBOL_EXTENSIONS = YES;
				CLANG_ANALYZER_NONNULL = YES;
				CLANG_ANALYZER_NUMBER_OBJECT_CONVERSION = YES_AGGRESSIVE;
				CLANG_CXX_LANGUAGE_STANDARD = "gnu++20";
				CLANG_ENABLE_MODULES = YES;
				CLANG_ENABLE_OBJC_ARC = YES;
				CLANG_ENABLE_OBJC_WEAK = YES;
				CLANG_WARN_BLOCK_CAPTURE_AUTORELEASING = YES;
				CLANG_WARN_BOOL_CONVERSION = YES;
				CLANG_WARN_COMMA = YES;
				CLANG_WARN_CONSTANT_CONVERSION = YES;
				CLANG_WARN_DEPRECATED_OBJC_IMPLEMENTATIONS = YES;
				CLANG_WARN_DIRECT_OBJC_ISA_USAGE = YES_ERROR;
				CLANG_WARN_DOCUMENTATION_COMMENTS = YES;
				CLANG_WARN_EMPTY_BODY = YES;
				CLANG_WARN_ENUM_CONVERSION = YES;
				CLANG_WARN_INFINITE_RECURSION = YES;
				CLANG_WARN_INT_CONVERSION = YES;
				CLANG_WARN_NON_LITERAL_NULL_CONVERSION = YES;
				CLANG_WARN_OBJC_IMPLICIT_RETAIN_SELF = YES;
				CLANG_WARN_OBJC_LITERAL_CONVERSION = YES;
				CLANG_WARN_OBJC_ROOT_CLASS = YES_ERROR;
				CLANG_WARN_QUOTED_INCLUDE_IN_FRAMEWORK_HEADER = YES;
				CLANG_WARN_RANGE_LOOP_ANALYSIS = YES;
				CLANG_WARN_STRICT_PROTOTYPES = YES;
				CLANG_WARN_SUSPICIOUS_MOVE = YES;
				CLANG_WARN_UNGUARDED_AVAILABILITY = YES_AGGRESSIVE;
				CLANG_WARN_UNREACHABLE_CODE = YES;
				CLANG_WARN__DUPLICATE_METHOD_MATCH = YES;
				COPY_PHASE_STRIP = NO;
				DEBUG_INFORMATION_FORMAT = dwarf;
				ENABLE_STRICT_OBJC_MSGSEND = YES;
				ENABLE_TESTABILITY = YES;
				ENABLE_USER_SCRIPT_SANDBOXING = YES;
				GCC_C_LANGUAGE_STANDARD = gnu17;
				GCC_DYNAMIC_NO_PIC = NO;
				GCC_NO_COMMON_BLOCKS = YES;
				GCC_OPTIMIZATION_LEVEL = 0;
				GCC_PREPROCESSOR_DEFINITIONS = (
					"DEBUG=1",
					"$(inherited)",
				);
				GCC_WARN_64_TO_32_BIT_CONVERSION = YES;
				GCC_WARN_ABOUT_RETURN_TYPE = YES_ERROR;
				GCC_WARN_UNDECLARED_SELECTOR = YES;
				GCC_WARN_UNINITIALIZED_AUTOS = YES_AGGRESSIVE;
				GCC_WARN_UNUSED_FUNCTION = YES;
				GCC_WARN_UNUSED_VARIABLE = YES;
				IPHONEOS_DEPLOYMENT_TARGET = 17.5;
				LOCALIZATION_PREFERS_STRING_CATALOGS = YES;
				MTL_ENABLE_DEBUG_INFO = INCLUDE_SOURCE;
				MTL_FAST_MATH = YES;
				ONLY_ACTIVE_ARCH = YES;
				SDKROOT = iphoneos;
				SWIFT_ACTIVE_COMPILATION_CONDITIONS = "DEBUG $(inherited)";
				SWIFT_OPTIMIZATION_LEVEL = "-Onone";
			};
			name = Debug;
		};
		6546616A2CDE05620023D0D9 /* Release */ = {
			isa = XCBuildConfiguration;
			buildSettings = {
				ALWAYS_SEARCH_USER_PATHS = NO;
				ASSETCATALOG_COMPILER_GENERATE_SWIFT_ASSET_SYMBOL_EXTENSIONS = YES;
				CLANG_ANALYZER_NONNULL = YES;
				CLANG_ANALYZER_NUMBER_OBJECT_CONVERSION = YES_AGGRESSIVE;
				CLANG_CXX_LANGUAGE_STANDARD = "gnu++20";
				CLANG_ENABLE_MODULES = YES;
				CLANG_ENABLE_OBJC_ARC = YES;
				CLANG_ENABLE_OBJC_WEAK = YES;
				CLANG_WARN_BLOCK_CAPTURE_AUTORELEASING = YES;
				CLANG_WARN_BOOL_CONVERSION = YES;
				CLANG_WARN_COMMA = YES;
				CLANG_WARN_CONSTANT_CONVERSION = YES;
				CLANG_WARN_DEPRECATED_OBJC_IMPLEMENTATIONS = YES;
				CLANG_WARN_DIRECT_OBJC_ISA_USAGE = YES_ERROR;
				CLANG_WARN_DOCUMENTATION_COMMENTS = YES;
				CLANG_WARN_EMPTY_BODY = YES;
				CLANG_WARN_ENUM_CONVERSION = YES;
				CLANG_WARN_INFINITE_RECURSION = YES;
				CLANG_WARN_INT_CONVERSION = YES;
				CLANG_WARN_NON_LITERAL_NULL_CONVERSION = YES;
				CLANG_WARN_OBJC_IMPLICIT_RETAIN_SELF = YES;
				CLANG_WARN_OBJC_LITERAL_CONVERSION = YES;
				CLANG_WARN_OBJC_ROOT_CLASS = YES_ERROR;
				CLANG_WARN_QUOTED_INCLUDE_IN_FRAMEWORK_HEADER = YES;
				CLANG_WARN_RANGE_LOOP_ANALYSIS = YES;
				CLANG_WARN_STRICT_PROTOTYPES = YES;
				CLANG_WARN_SUSPICIOUS_MOVE = YES;
				CLANG_WARN_UNGUARDED_AVAILABILITY = YES_AGGRESSIVE;
				CLANG_WARN_UNREACHABLE_CODE = YES;
				CLANG_WARN__DUPLICATE_METHOD_MATCH = YES;
				COPY_PHASE_STRIP = NO;
				DEBUG_INFORMATION_FORMAT = "dwarf-with-dsym";
				ENABLE_NS_ASSERTIONS = NO;
				ENABLE_STRICT_OBJC_MSGSEND = YES;
				ENABLE_USER_SCRIPT_SANDBOXING = YES;
				GCC_C_LANGUAGE_STANDARD = gnu17;
				GCC_NO_COMMON_BLOCKS = YES;
				GCC_WARN_64_TO_32_BIT_CONVERSION = YES;
				GCC_WARN_ABOUT_RETURN_TYPE = YES_ERROR;
				GCC_WARN_UNDECLARED_SELECTOR = YES;
				GCC_WARN_UNINITIALIZED_AUTOS = YES_AGGRESSIVE;
				GCC_WARN_UNUSED_FUNCTION = YES;
				GCC_WARN_UNUSED_VARIABLE = YES;
				IPHONEOS_DEPLOYMENT_TARGET = 17.5;
				LOCALIZATION_PREFERS_STRING_CATALOGS = YES;
				MTL_ENABLE_DEBUG_INFO = NO;
				MTL_FAST_MATH = YES;
				SDKROOT = iphoneos;
				SWIFT_COMPILATION_MODE = wholemodule;
				VALIDATE_PRODUCT = YES;
			};
			name = Release;
		};
		6546616C2CDE05620023D0D9 /* Debug */ = {
			isa = XCBuildConfiguration;
			buildSettings = {
				ASSETCATALOG_COMPILER_APPICON_NAME = AppIcon;
				ASSETCATALOG_COMPILER_GLOBAL_ACCENT_COLOR_NAME = AccentColor;
				CODE_SIGN_STYLE = Automatic;
				CURRENT_PROJECT_VERSION = 1;
				DEVELOPMENT_TEAM = 2VAG37MPLS;
				GENERATE_INFOPLIST_FILE = YES;
				INFOPLIST_FILE = SpyneAssignment/Info.plist;
				INFOPLIST_KEY_NSCameraUsageDescription = "App needs access to camera";
				INFOPLIST_KEY_NSPhotoLibraryAddUsageDescription = "App needs access to photos";
				INFOPLIST_KEY_NSPhotoLibraryUsageDescription = "App needs access to photos";
				INFOPLIST_KEY_UIApplicationSupportsIndirectInputEvents = YES;
				INFOPLIST_KEY_UILaunchStoryboardName = LaunchScreen;
				INFOPLIST_KEY_UIMainStoryboardFile = Main;
				INFOPLIST_KEY_UISupportedInterfaceOrientations_iPad = "UIInterfaceOrientationPortrait UIInterfaceOrientationPortraitUpsideDown UIInterfaceOrientationLandscapeLeft UIInterfaceOrientationLandscapeRight";
				INFOPLIST_KEY_UISupportedInterfaceOrientations_iPhone = "UIInterfaceOrientationPortrait UIInterfaceOrientationLandscapeLeft UIInterfaceOrientationLandscapeRight";
				LD_RUNPATH_SEARCH_PATHS = (
					"$(inherited)",
					"@executable_path/Frameworks",
				);
				MARKETING_VERSION = 1.0;
				PRODUCT_BUNDLE_IDENTIFIER = com.akash.SpyneAssignment;
				PRODUCT_NAME = "$(TARGET_NAME)";
				SWIFT_EMIT_LOC_STRINGS = YES;
				SWIFT_VERSION = 5.0;
				TARGETED_DEVICE_FAMILY = "1,2";
			};
			name = Debug;
		};
		6546616D2CDE05620023D0D9 /* Release */ = {
			isa = XCBuildConfiguration;
			buildSettings = {
				ASSETCATALOG_COMPILER_APPICON_NAME = AppIcon;
				ASSETCATALOG_COMPILER_GLOBAL_ACCENT_COLOR_NAME = AccentColor;
				CODE_SIGN_STYLE = Automatic;
				CURRENT_PROJECT_VERSION = 1;
				DEVELOPMENT_TEAM = 2VAG37MPLS;
				GENERATE_INFOPLIST_FILE = YES;
				INFOPLIST_FILE = SpyneAssignment/Info.plist;
				INFOPLIST_KEY_NSCameraUsageDescription = "App needs access to camera";
				INFOPLIST_KEY_NSPhotoLibraryAddUsageDescription = "App needs access to photos";
				INFOPLIST_KEY_NSPhotoLibraryUsageDescription = "App needs access to photos";
				INFOPLIST_KEY_UIApplicationSupportsIndirectInputEvents = YES;
				INFOPLIST_KEY_UILaunchStoryboardName = LaunchScreen;
				INFOPLIST_KEY_UIMainStoryboardFile = Main;
				INFOPLIST_KEY_UISupportedInterfaceOrientations_iPad = "UIInterfaceOrientationPortrait UIInterfaceOrientationPortraitUpsideDown UIInterfaceOrientationLandscapeLeft UIInterfaceOrientationLandscapeRight";
				INFOPLIST_KEY_UISupportedInterfaceOrientations_iPhone = "UIInterfaceOrientationPortrait UIInterfaceOrientationLandscapeLeft UIInterfaceOrientationLandscapeRight";
				LD_RUNPATH_SEARCH_PATHS = (
					"$(inherited)",
					"@executable_path/Frameworks",
				);
				MARKETING_VERSION = 1.0;
				PRODUCT_BUNDLE_IDENTIFIER = com.akash.SpyneAssignment;
				PRODUCT_NAME = "$(TARGET_NAME)";
				SWIFT_EMIT_LOC_STRINGS = YES;
				SWIFT_VERSION = 5.0;
				TARGETED_DEVICE_FAMILY = "1,2";
			};
			name = Release;
		};
/* End XCBuildConfiguration section */

/* Begin XCConfigurationList section */
		654661522CDE05610023D0D9 /* Build configuration list for PBXProject "SpyneAssignment" */ = {
			isa = XCConfigurationList;
			buildConfigurations = (
				654661692CDE05620023D0D9 /* Debug */,
				6546616A2CDE05620023D0D9 /* Release */,
			);
			defaultConfigurationIsVisible = 0;
			defaultConfigurationName = Release;
		};
		6546616B2CDE05620023D0D9 /* Build configuration list for PBXNativeTarget "SpyneAssignment" */ = {
			isa = XCConfigurationList;
			buildConfigurations = (
				6546616C2CDE05620023D0D9 /* Debug */,
				6546616D2CDE05620023D0D9 /* Release */,
			);
			defaultConfigurationIsVisible = 0;
			defaultConfigurationName = Release;
		};
/* End XCConfigurationList section */

/* Begin XCRemoteSwiftPackageReference section */
		6546617A2CDE1E5C0023D0D9 /* XCRemoteSwiftPackageReference "realm-swift" */ = {
			isa = XCRemoteSwiftPackageReference;
			repositoryURL = "https://github.com/realm/realm-swift";
			requirement = {
				branch = master;
				kind = branch;
			};
		};
/* End XCRemoteSwiftPackageReference section */

/* Begin XCSwiftPackageProductDependency section */
		6546617D2CDE1E5C0023D0D9 /* RealmSwift */ = {
			isa = XCSwiftPackageProductDependency;
			package = 6546617A2CDE1E5C0023D0D9 /* XCRemoteSwiftPackageReference "realm-swift" */;
			productName = RealmSwift;
		};
/* End XCSwiftPackageProductDependency section */
	};
	rootObject = 6546614F2CDE05610023D0D9 /* Project object */;
}
